// !$*UTF8*$!
{
	archiveVersion = 1;
	classes = {
	};
	objectVersion = 46;
	objects = {

/* Begin PBXBuildFile section */
		2BF310FF1B54DE1E000F98A3 /* main.m in Sources */ = {isa = PBXBuildFile; fileRef = 2BF310FE1B54DE1E000F98A3 /* main.m */; };
		2BF311021B54DE1E000F98A3 /* AppDelegate.m in Sources */ = {isa = PBXBuildFile; fileRef = 2BF311011B54DE1E000F98A3 /* AppDelegate.m */; };
		2BF311051B54DE1E000F98A3 /* ViewController.m in Sources */ = {isa = PBXBuildFile; fileRef = 2BF311041B54DE1E000F98A3 /* ViewController.m */; };
		2BF311081B54DE1E000F98A3 /* Main.storyboard in Resources */ = {isa = PBXBuildFile; fileRef = 2BF311061B54DE1E000F98A3 /* Main.storyboard */; };
		2BF3110A1B54DE1E000F98A3 /* Images.xcassets in Resources */ = {isa = PBXBuildFile; fileRef = 2BF311091B54DE1E000F98A3 /* Images.xcassets */; };
		2BF3110D1B54DE1E000F98A3 /* LaunchScreen.xib in Resources */ = {isa = PBXBuildFile; fileRef = 2BF3110B1B54DE1E000F98A3 /* LaunchScreen.xib */; };
		2BF311191B54DE1E000F98A3 /* TestGItHup_pushActionTests.m in Sources */ = {isa = PBXBuildFile; fileRef = 2BF311181B54DE1E000F98A3 /* TestGItHup_pushActionTests.m */; };
/* End PBXBuildFile section */

/* Begin PBXContainerItemProxy section */
		2BF311131B54DE1E000F98A3 /* PBXContainerItemProxy */ = {
			isa = PBXContainerItemProxy;
			containerPortal = 2BF310F11B54DE1E000F98A3 /* Project object */;
			proxyType = 1;
			remoteGlobalIDString = 2BF310F81B54DE1E000F98A3;
			remoteInfo = TestGItHup_pushAction;
		};
/* End PBXContainerItemProxy section */

/* Begin PBXFileReference section */
		2BF310F91B54DE1E000F98A3 /* TestGItHup_pushAction.app */ = {isa = PBXFileReference; explicitFileType = wrapper.application; includeInIndex = 0; path = TestGItHup_pushAction.app; sourceTree = BUILT_PRODUCTS_DIR; };
		2BF310FD1B54DE1E000F98A3 /* Info.plist */ = {isa = PBXFileReference; lastKnownFileType = text.plist.xml; path = Info.plist; sourceTree = "<group>"; };
		2BF310FE1B54DE1E000F98A3 /* main.m */ = {isa = PBXFileReference; lastKnownFileType = sourcecode.c.objc; path = main.m; sourceTree = "<group>"; };
		2BF311001B54DE1E000F98A3 /* AppDelegate.h */ = {isa = PBXFileReference; lastKnownFileType = sourcecode.c.h; path = AppDelegate.h; sourceTree = "<group>"; };
		2BF311011B54DE1E000F98A3 /* AppDelegate.m */ = {isa = PBXFileReference; lastKnownFileType = sourcecode.c.objc; path = AppDelegate.m; sourceTree = "<group>"; };
		2BF311031B54DE1E000F98A3 /* ViewController.h */ = {isa = PBXFileReference; lastKnownFileType = sourcecode.c.h; path = ViewController.h; sourceTree = "<group>"; };
		2BF311041B54DE1E000F98A3 /* ViewController.m */ = {isa = PBXFileReference; lastKnownFileType = sourcecode.c.objc; path = ViewController.m; sourceTree = "<group>"; };
		2BF311071B54DE1E000F98A3 /* Base */ = {isa = PBXFileReference; lastKnownFileType = file.storyboard; name = Base; path = Base.lproj/Main.storyboard; sourceTree = "<group>"; };
		2BF311091B54DE1E000F98A3 /* Images.xcassets */ = {isa = PBXFileReference; lastKnownFileType = folder.assetcatalog; path = Images.xcassets; sourceTree = "<group>"; };
		2BF3110C1B54DE1E000F98A3 /* Base */ = {isa = PBXFileReference; lastKnownFileType = file.xib; name = Base; path = Base.lproj/LaunchScreen.xib; sourceTree = "<group>"; };
		2BF311121B54DE1E000F98A3 /* TestGItHup_pushActionTests.xctest */ = {isa = PBXFileReference; explicitFileType = wrapper.cfbundle; includeInIndex = 0; path = TestGItHup_pushActionTests.xctest; sourceTree = BUILT_PRODUCTS_DIR; };
		2BF311171B54DE1E000F98A3 /* Info.plist */ = {isa = PBXFileReference; lastKnownFileType = text.plist.xml; path = Info.plist; sourceTree = "<group>"; };
		2BF311181B54DE1E000F98A3 /* TestGItHup_pushActionTests.m */ = {isa = PBXFileReference; lastKnownFileType = sourcecode.c.objc; path = TestGItHup_pushActionTests.m; sourceTree = "<group>"; };
/* End PBXFileReference section */

/* Begin PBXFrameworksBuildPhase section */
		2BF310F61B54DE1E000F98A3 /* Frameworks */ = {
			isa = PBXFrameworksBuildPhase;
			buildActionMask = 2147483647;
			files = (
			);
			runOnlyForDeploymentPostprocessing = 0;
		};
		2BF3110F1B54DE1E000F98A3 /* Frameworks */ = {
			isa = PBXFrameworksBuildPhase;
			buildActionMask = 2147483647;
			files = (
			);
			runOnlyForDeploymentPostprocessing = 0;
		};
/* End PBXFrameworksBuildPhase section */

/* Begin PBXGroup section */
		2BF310F01B54DE1E000F98A3 = {
			isa = PBXGroup;
			children = (
				2BF310FB1B54DE1E000F98A3 /* TestGItHup_pushAction */,
				2BF311151B54DE1E000F98A3 /* TestGItHup_pushActionTests */,
				2BF310FA1B54DE1E000F98A3 /* Products */,
			);
			sourceTree = "<group>";
		};
		2BF310FA1B54DE1E000F98A3 /* Products */ = {
			isa = PBXGroup;
			children = (
				2BF310F91B54DE1E000F98A3 /* TestGItHup_pushAction.app */,
				2BF311121B54DE1E000F98A3 /* TestGItHup_pushActionTests.xctest */,
			);
			name = Products;
			sourceTree = "<group>";
		};
		2BF310FB1B54DE1E000F98A3 /* TestGItHup_pushAction */ = {
			isa = PBXGroup;
			children = (
				2BF311001B54DE1E000F98A3 /* AppDelegate.h */,
				2BF311011B54DE1E000F98A3 /* AppDelegate.m */,
				2BF311031B54DE1E000F98A3 /* ViewController.h */,
				2BF311041B54DE1E000F98A3 /* ViewController.m */,
				2BF311061B54DE1E000F98A3 /* Main.storyboard */,
				2BF311091B54DE1E000F98A3 /* Images.xcassets */,
				2BF3110B1B54DE1E000F98A3 /* LaunchScreen.xib */,
				2BF310FC1B54DE1E000F98A3 /* Supporting Files */,
			);
			path = TestGItHup_pushAction;
			sourceTree = "<group>";
		};
		2BF310FC1B54DE1E000F98A3 /* Supporting Files */ = {
			isa = PBXGroup;
			children = (
				2BF310FD1B54DE1E000F98A3 /* Info.plist */,
				2BF310FE1B54DE1E000F98A3 /* main.m */,
			);
			name = "Supporting Files";
			sourceTree = "<group>";
		};
		2BF311151B54DE1E000F98A3 /* TestGItHup_pushActionTests */ = {
			isa = PBXGroup;
			children = (
				2BF311181B54DE1E000F98A3 /* TestGItHup_pushActionTests.m */,
				2BF311161B54DE1E000F98A3 /* Supporting Files */,
			);
			path = TestGItHup_pushActionTests;
			sourceTree = "<group>";
		};
		2BF311161B54DE1E000F98A3 /* Supporting Files */ = {
			isa = PBXGroup;
			children = (
				2BF311171B54DE1E000F98A3 /* Info.plist */,
			);
			name = "Supporting Files";
			sourceTree = "<group>";
		};
/* End PBXGroup section */

/* Begin PBXNativeTarget section */
		2BF310F81B54DE1E000F98A3 /* TestGItHup_pushAction */ = {
			isa = PBXNativeTarget;
			buildConfigurationList = 2BF3111C1B54DE1E000F98A3 /* Build configuration list for PBXNativeTarget "TestGItHup_pushAction" */;
			buildPhases = (
				2BF310F51B54DE1E000F98A3 /* Sources */,
				2BF310F61B54DE1E000F98A3 /* Frameworks */,
				2BF310F71B54DE1E000F98A3 /* Resources */,
			);
			buildRules = (
			);
			dependencies = (
			);
			name = TestGItHup_pushAction;
			productName = TestGItHup_pushAction;
			productReference = 2BF310F91B54DE1E000F98A3 /* TestGItHup_pushAction.app */;
			productType = "com.apple.product-type.application";
		};
		2BF311111B54DE1E000F98A3 /* TestGItHup_pushActionTests */ = {
			isa = PBXNativeTarget;
			buildConfigurationList = 2BF3111F1B54DE1E000F98A3 /* Build configuration list for PBXNativeTarget "TestGItHup_pushActionTests" */;
			buildPhases = (
				2BF3110E1B54DE1E000F98A3 /* Sources */,
				2BF3110F1B54DE1E000F98A3 /* Frameworks */,
				2BF311101B54DE1E000F98A3 /* Resources */,
			);
			buildRules = (
			);
			dependencies = (
				2BF311141B54DE1E000F98A3 /* PBXTargetDependency */,
			);
			name = TestGItHup_pushActionTests;
			productName = TestGItHup_pushActionTests;
			productReference = 2BF311121B54DE1E000F98A3 /* TestGItHup_pushActionTests.xctest */;
			productType = "com.apple.product-type.bundle.unit-test";
		};
/* End PBXNativeTarget section */

/* Begin PBXProject section */
		2BF310F11B54DE1E000F98A3 /* Project object */ = {
			isa = PBXProject;
			attributes = {
				LastUpgradeCheck = 0630;
				ORGANIZATIONNAME = apple02;
				TargetAttributes = {
					2BF310F81B54DE1E000F98A3 = {
						CreatedOnToolsVersion = 6.3.2;
					};
					2BF311111B54DE1E000F98A3 = {
						CreatedOnToolsVersion = 6.3.2;
						TestTargetID = 2BF310F81B54DE1E000F98A3;
					};
				};
			};
			buildConfigurationList = 2BF310F41B54DE1E000F98A3 /* Build configuration list for PBXProject "TestGItHup_pushAction" */;
			compatibilityVersion = "Xcode 3.2";
			developmentRegion = English;
			hasScannedForEncodings = 0;
			knownRegions = (
				en,
				Base,
			);
			mainGroup = 2BF310F01B54DE1E000F98A3;
			productRefGroup = 2BF310FA1B54DE1E000F98A3 /* Products */;
			projectDirPath = "";
			projectRoot = "";
			targets = (
				2BF310F81B54DE1E000F98A3 /* TestGItHup_pushAction */,
				2BF311111B54DE1E000F98A3 /* TestGItHup_pushActionTests */,
			);
		};
/* End PBXProject section */

/* Begin PBXResourcesBuildPhase section */
		2BF310F71B54DE1E000F98A3 /* Resources */ = {
			isa = PBXResourcesBuildPhase;
			buildActionMask = 2147483647;
			files = (
				2BF311081B54DE1E000F98A3 /* Main.storyboard in Resources */,
				2BF3110D1B54DE1E000F98A3 /* LaunchScreen.xib in Resources */,
				2BF3110A1B54DE1E000F98A3 /* Images.xcassets in Resources */,
			);
			runOnlyForDeploymentPostprocessing = 0;
		};
		2BF311101B54DE1E000F98A3 /* Resources */ = {
			isa = PBXResourcesBuildPhase;
			buildActionMask = 2147483647;
			files = (
			);
			runOnlyForDeploymentPostprocessing = 0;
		};
/* End PBXResourcesBuildPhase section */

/* Begin PBXSourcesBuildPhase section */
		2BF310F51B54DE1E000F98A3 /* Sources */ = {
			isa = PBXSourcesBuildPhase;
			buildActionMask = 2147483647;
			files = (
				2BF311051B54DE1E000F98A3 /* ViewController.m in Sources */,
				2BF311021B54DE1E000F98A3 /* AppDelegate.m in Sources */,
				2BF310FF1B54DE1E000F98A3 /* main.m in Sources */,
			);
			runOnlyForDeploymentPostprocessing = 0;
		};
		2BF3110E1B54DE1E000F98A3 /* Sources */ = {
			isa = PBXSourcesBuildPhase;
			buildActionMask = 2147483647;
			files = (
				2BF311191B54DE1E000F98A3 /* TestGItHup_pushActionTests.m in Sources */,
			);
			runOnlyForDeploymentPostprocessing = 0;
		};
/* End PBXSourcesBuildPhase section */

/* Begin PBXTargetDependency section */
		2BF311141B54DE1E000F98A3 /* PBXTargetDependency */ = {
			isa = PBXTargetDependency;
			target = 2BF310F81B54DE1E000F98A3 /* TestGItHup_pushAction */;
			targetProxy = 2BF311131B54DE1E000F98A3 /* PBXContainerItemProxy */;
		};
/* End PBXTargetDependency section */

/* Begin PBXVariantGroup section */
		2BF311061B54DE1E000F98A3 /* Main.storyboard */ = {
			isa = PBXVariantGroup;
			children = (
				2BF311071B54DE1E000F98A3 /* Base */,
			);
			name = Main.storyboard;
			sourceTree = "<group>";
		};
		2BF3110B1B54DE1E000F98A3 /* LaunchScreen.xib */ = {
			isa = PBXVariantGroup;
			children = (
				2BF3110C1B54DE1E000F98A3 /* Base */,
			);
			name = LaunchScreen.xib;
			sourceTree = "<group>";
		};
/* End PBXVariantGroup section */

/* Begin XCBuildConfiguration section */
		2BF3111A1B54DE1E000F98A3 /* Debug */ = {
			isa = XCBuildConfiguration;
			buildSettings = {
				ALWAYS_SEARCH_USER_PATHS = NO;
				CLANG_CXX_LANGUAGE_STANDARD = "gnu++0x";
				CLANG_CXX_LIBRARY = "libc++";
				CLANG_ENABLE_MODULES = YES;
				CLANG_ENABLE_OBJC_ARC = YES;
				CLANG_WARN_BOOL_CONVERSION = YES;
				CLANG_WARN_CONSTANT_CONVERSION = YES;
				CLANG_WARN_DIRECT_OBJC_ISA_USAGE = YES_ERROR;
				CLANG_WARN_EMPTY_BODY = YES;
				CLANG_WARN_ENUM_CONVERSION = YES;
				CLANG_WARN_INT_CONVERSION = YES;
				CLANG_WARN_OBJC_ROOT_CLASS = YES_ERROR;
				CLANG_WARN_UNREACHABLE_CODE = YES;
				CLANG_WARN__DUPLICATE_METHOD_MATCH = YES;
				"CODE_SIGN_IDENTITY[sdk=iphoneos*]" = "iPhone Developer";
				COPY_PHASE_STRIP = NO;
				DEBUG_INFORMATION_FORMAT = "dwarf-with-dsym";
				ENABLE_STRICT_OBJC_MSGSEND = YES;
				GCC_C_LANGUAGE_STANDARD = gnu99;
				GCC_DYNAMIC_NO_PIC = NO;
				GCC_NO_COMMON_BLOCKS = YES;
				GCC_OPTIMIZATION_LEVEL = 0;
				GCC_PREPROCESSOR_DEFINITIONS = (
					"DEBUG=1",
					"$(inherited)",
				);
				GCC_SYMBOLS_PRIVATE_EXTERN = NO;
				GCC_WARN_64_TO_32_BIT_CONVERSION = YES;
				GCC_WARN_ABOUT_RETURN_TYPE = YES_ERROR;
				GCC_WARN_UNDECLARED_SELECTOR = YES;
				GCC_WARN_UNINITIALIZED_AUTOS = YES_AGGRESSIVE;
				GCC_WARN_UNUSED_FUNCTION = YES;
				GCC_WARN_UNUSED_VARIABLE = YES;
				IPHONEOS_DEPLOYMENT_TARGET = 8.3;
				MTL_ENABLE_DEBUG_INFO = YES;
				ONLY_ACTIVE_ARCH = YES;
				SDKROOT = iphoneos;
			};
			name = Debug;
		};
		2BF3111B1B54DE1E000F98A3 /* Release */ = {
			isa = XCBuildConfiguration;
			buildSettings = {
				ALWAYS_SEARCH_USER_PATHS = NO;
				CLANG_CXX_LANGUAGE_STANDARD = "gnu++0x";
				CLANG_CXX_LIBRARY = "libc++";
				CLANG_ENABLE_MODULES = YES;
				CLANG_ENABLE_OBJC_ARC = YES;
				CLANG_WARN_BOOL_CONVERSION = YES;
				CLANG_WARN_CONSTANT_CONVERSION = YES;
				CLANG_WARN_DIRECT_OBJC_ISA_USAGE = YES_ERROR;
				CLANG_WARN_EMPTY_BODY = YES;
				CLANG_WARN_ENUM_CONVERSION = YES;
				CLANG_WARN_INT_CONVERSION = YES;
				CLANG_WARN_OBJC_ROOT_CLASS = YES_ERROR;
				CLANG_WARN_UNREACHABLE_CODE = YES;
				CLANG_WARN__DUPLICATE_METHOD_MATCH = YES;
				"CODE_SIGN_IDENTITY[sdk=iphoneos*]" = "iPhone Developer";
				COPY_PHASE_STRIP = NO;
				DEBUG_INFORMATION_FORMAT = "dwarf-with-dsym";
				ENABLE_NS_ASSERTIONS = NO;
				ENABLE_STRICT_OBJC_MSGSEND = YES;
				GCC_C_LANGUAGE_STANDARD = gnu99;
				GCC_NO_COMMON_BLOCKS = YES;
				GCC_WARN_64_TO_32_BIT_CONVERSION = YES;
				GCC_WARN_ABOUT_RETURN_TYPE = YES_ERROR;
				GCC_WARN_UNDECLARED_SELECTOR = YES;
				GCC_WARN_UNINITIALIZED_AUTOS = YES_AGGRESSIVE;
				GCC_WARN_UNUSED_FUNCTION = YES;
				GCC_WARN_UNUSED_VARIABLE = YES;
				IPHONEOS_DEPLOYMENT_TARGET = 8.3;
				MTL_ENABLE_DEBUG_INFO = NO;
				SDKROOT = iphoneos;
				VALIDATE_PRODUCT = YES;
			};
			name = Release;
		};
		2BF3111D1B54DE1E000F98A3 /* Debug */ = {
			isa = XCBuildConfiguration;
			buildSettings = {
				ASSETCATALOG_COMPILER_APPICON_NAME = AppIcon;
				INFOPLIST_FILE = TestGItHup_pushAction/Info.plist;
				LD_RUNPATH_SEARCH_PATHS = "$(inherited) @executable_path/Frameworks";
				PRODUCT_NAME = "$(TARGET_NAME)";
			};
			name = Debug;
		};
		2BF3111E1B54DE1E000F98A3 /* Release */ = {
			isa = XCBuildConfiguration;
			buildSettings = {
				ASSETCATALOG_COMPILER_APPICON_NAME = AppIcon;
				INFOPLIST_FILE = TestGItHup_pushAction/Info.plist;
				LD_RUNPATH_SEARCH_PATHS = "$(inherited) @executable_path/Frameworks";
				PRODUCT_NAME = "$(TARGET_NAME)";
			};
			name = Release;
		};
		2BF311201B54DE1E000F98A3 /* Debug */ = {
			isa = XCBuildConfiguration;
			buildSettings = {
				BUNDLE_LOADER = "$(TEST_HOST)";
				FRAMEWORK_SEARCH_PATHS = (
					"$(SDKROOT)/Developer/Library/Frameworks",
					"$(inherited)",
				);
				GCC_PREPROCESSOR_DEFINITIONS = (
					"DEBUG=1",
					"$(inherited)",
				);
				INFOPLIST_FILE = TestGItHup_pushActionTests/Info.plist;
				LD_RUNPATH_SEARCH_PATHS = "$(inherited) @executable_path/Frameworks @loader_path/Frameworks";
				PRODUCT_NAME = "$(TARGET_NAME)";
				TEST_HOST = "$(BUILT_PRODUCTS_DIR)/TestGItHup_pushAction.app/TestGItHup_pushAction";
			};
			name = Debug;
		};
		2BF311211B54DE1E000F98A3 /* Release */ = {
			isa = XCBuildConfiguration;
			buildSettings = {
				BUNDLE_LOADER = "$(TEST_HOST)";
				FRAMEWORK_SEARCH_PATHS = (
					"$(SDKROOT)/Developer/Library/Frameworks",
					"$(inherited)",
				);
				INFOPLIST_FILE = TestGItHup_pushActionTests/Info.plist;
				LD_RUNPATH_SEARCH_PATHS = "$(inherited) @executable_path/Frameworks @loader_path/Frameworks";
				PRODUCT_NAME = "$(TARGET_NAME)";
				TEST_HOST = "$(BUILT_PRODUCTS_DIR)/TestGItHup_pushAction.app/TestGItHup_pushAction";
			};
			name = Release;
		};
/* End XCBuildConfiguration section */

/* Begin XCConfigurationList section */
		2BF310F41B54DE1E000F98A3 /* Build configuration list for PBXProject "TestGItHup_pushAction" */ = {
			isa = XCConfigurationList;
			buildConfigurations = (
				2BF3111A1B54DE1E000F98A3 /* Debug */,
				2BF3111B1B54DE1E000F98A3 /* Release */,
			);
			defaultConfigurationIsVisible = 0;
			defaultConfigurationName = Release;
		};
		2BF3111C1B54DE1E000F98A3 /* Build configuration list for PBXNativeTarget "TestGItHup_pushAction" */ = {
			isa = XCConfigurationList;
			buildConfigurations = (
				2BF3111D1B54DE1E000F98A3 /* Debug */,
				2BF3111E1B54DE1E000F98A3 /* Release */,
			);
			defaultConfigurationIsVisible = 0;
			defaultConfigurationName = Release;
		};
		2BF3111F1B54DE1E000F98A3 /* Build configuration list for PBXNativeTarget "TestGItHup_pushActionTests" */ = {
			isa = XCConfigurationList;
			buildConfigurations = (
				2BF311201B54DE1E000F98A3 /* Debug */,
				2BF311211B54DE1E000F98A3 /* Release */,
			);
			defaultConfigurationIsVisible = 0;
			defaultConfigurationName = Release;
		};
/* End XCConfigurationList section */
	};
	rootObject = 2BF310F11B54DE1E000F98A3 /* Project object */;
}
